// !$*UTF8*$!
{
	archiveVersion = 1;
	classes = {
	};
	objectVersion = 46;
	objects = {

/* Begin PBXBuildFile section */
		A676932D1D5245C000A3AB9B /* AppDelegate.m in Sources */ = {isa = PBXBuildFile; fileRef = A67692E71D5245C000A3AB9B /* AppDelegate.m */; };
		A676932E1D5245C000A3AB9B /* Assets.xcassets in Resources */ = {isa = PBXBuildFile; fileRef = A67692E81D5245C000A3AB9B /* Assets.xcassets */; };
		A676932F1D5245C000A3AB9B /* LaunchScreen.storyboard in Resources */ = {isa = PBXBuildFile; fileRef = A67692E91D5245C000A3AB9B /* LaunchScreen.storyboard */; };
		A67693301D5245C000A3AB9B /* Main.storyboard in Resources */ = {isa = PBXBuildFile; fileRef = A67692EB1D5245C000A3AB9B /* Main.storyboard */; };
		A67693311D5245C000A3AB9B /* NSObject+XX.m in Sources */ = {isa = PBXBuildFile; fileRef = A67692EF1D5245C000A3AB9B /* NSObject+XX.m */; };
		A67693321D5245C000A3AB9B /* XXMusicDetailViewController.m in Sources */ = {isa = PBXBuildFile; fileRef = A67692F21D5245C000A3AB9B /* XXMusicDetailViewController.m */; };
		A67693331D5245C000A3AB9B /* bb@2x.jpg in Resources */ = {isa = PBXBuildFile; fileRef = A67692F41D5245C000A3AB9B /* bb@2x.jpg */; };
		A67693341D5245C000A3AB9B /* bb_icon@2x.jpg in Resources */ = {isa = PBXBuildFile; fileRef = A67692F51D5245C000A3AB9B /* bb_icon@2x.jpg */; };
		A67693351D5245C000A3AB9B /* jj@2x.jpg in Resources */ = {isa = PBXBuildFile; fileRef = A67692F61D5245C000A3AB9B /* jj@2x.jpg */; };
		A67693361D5245C000A3AB9B /* jj_icon@2x.png in Resources */ = {isa = PBXBuildFile; fileRef = A67692F71D5245C000A3AB9B /* jj_icon@2x.png */; };
		A67693371D5245C000A3AB9B /* Info.plist in Resources */ = {isa = PBXBuildFile; fileRef = A67692F81D5245C000A3AB9B /* Info.plist */; };
		A67693381D5245C000A3AB9B /* 10405520.lrc in Resources */ = {isa = PBXBuildFile; fileRef = A67692FA1D5245C000A3AB9B /* 10405520.lrc */; };
		A67693391D5245C000A3AB9B /* 10736444.lrc in Resources */ = {isa = PBXBuildFile; fileRef = A67692FB1D5245C000A3AB9B /* 10736444.lrc */; };
		A676933A1D5245C000A3AB9B /* 120125029.lrc in Resources */ = {isa = PBXBuildFile; fileRef = A67692FC1D5245C000A3AB9B /* 120125029.lrc */; };
		A676933B1D5245C000A3AB9B /* 12309111.lrc in Resources */ = {isa = PBXBuildFile; fileRef = A67692FD1D5245C000A3AB9B /* 12309111.lrc */; };
		A676933C1D5245C000A3AB9B /* 14945107.lrc in Resources */ = {isa = PBXBuildFile; fileRef = A67692FE1D5245C000A3AB9B /* 14945107.lrc */; };
		A676933D1D5245C000A3AB9B /* 235319.lrc in Resources */ = {isa = PBXBuildFile; fileRef = A67692FF1D5245C000A3AB9B /* 235319.lrc */; };
		A676933E1D5245C000A3AB9B /* 255319.lrc in Resources */ = {isa = PBXBuildFile; fileRef = A67693001D5245C000A3AB9B /* 255319.lrc */; };
		A676933F1D5245C000A3AB9B /* 309769.lrc in Resources */ = {isa = PBXBuildFile; fileRef = A67693011D5245C000A3AB9B /* 309769.lrc */; };
		A67693401D5245C000A3AB9B /* 339744.lrc in Resources */ = {isa = PBXBuildFile; fileRef = A67693021D5245C000A3AB9B /* 339744.lrc */; };
		A67693411D5245C000A3AB9B /* 一万次悲伤.lrc in Resources */ = {isa = PBXBuildFile; fileRef = A67693031D5245C000A3AB9B /* 一万次悲伤.lrc */; };
		A67693421D5245C000A3AB9B /* 夜空中最亮的星.lrc in Resources */ = {isa = PBXBuildFile; fileRef = A67693041D5245C000A3AB9B /* 夜空中最亮的星.lrc */; };
		A67693431D5245C000A3AB9B /* 故乡.lrc in Resources */ = {isa = PBXBuildFile; fileRef = A67693051D5245C000A3AB9B /* 故乡.lrc */; };
		A67693441D5245C000A3AB9B /* 月半小夜曲.lrc in Resources */ = {isa = PBXBuildFile; fileRef = A67693061D5245C000A3AB9B /* 月半小夜曲.lrc */; };
		A67693451D5245C000A3AB9B /* 煎饼侠.lrc in Resources */ = {isa = PBXBuildFile; fileRef = A67693071D5245C000A3AB9B /* 煎饼侠.lrc */; };
		A67693461D5245C000A3AB9B /* main.m in Sources */ = {isa = PBXBuildFile; fileRef = A67693081D5245C000A3AB9B /* main.m */; };
		A67693471D5245C000A3AB9B /* XXLyricsModel.m in Sources */ = {isa = PBXBuildFile; fileRef = A676930B1D5245C000A3AB9B /* XXLyricsModel.m */; };
		A67693481D5245C000A3AB9B /* XXTableModel.m in Sources */ = {isa = PBXBuildFile; fileRef = A676930D1D5245C000A3AB9B /* XXTableModel.m */; };
		A67693491D5245C000A3AB9B /* 309769.mp3 in Resources */ = {isa = PBXBuildFile; fileRef = A676930F1D5245C000A3AB9B /* 309769.mp3 */; };
		A676934A1D5245C000A3AB9B /* Musics.plist in Resources */ = {isa = PBXBuildFile; fileRef = A67693101D5245C000A3AB9B /* Musics.plist */; };
		A676934B1D5245C000A3AB9B /* XXLockScreenInfo.m in Sources */ = {isa = PBXBuildFile; fileRef = A67693131D5245C000A3AB9B /* XXLockScreenInfo.m */; };
		A676934C1D5245C000A3AB9B /* XXLyricFind.m in Sources */ = {isa = PBXBuildFile; fileRef = A67693151D5245C000A3AB9B /* XXLyricFind.m */; };
		A676934D1D5245C000A3AB9B /* XXLyricsData.m in Sources */ = {isa = PBXBuildFile; fileRef = A67693171D5245C000A3AB9B /* XXLyricsData.m */; };
		A676934E1D5245C000A3AB9B /* XXMusicData.m in Sources */ = {isa = PBXBuildFile; fileRef = A67693191D5245C000A3AB9B /* XXMusicData.m */; };
		A676934F1D5245C000A3AB9B /* XXPlayerMusicTool.m in Sources */ = {isa = PBXBuildFile; fileRef = A676931B1D5245C000A3AB9B /* XXPlayerMusicTool.m */; };
		A67693501D5245C000A3AB9B /* XXStringConverTime.m in Sources */ = {isa = PBXBuildFile; fileRef = A676931D1D5245C000A3AB9B /* XXStringConverTime.m */; };
		A67693511D5245C000A3AB9B /* XXControllerView.m in Sources */ = {isa = PBXBuildFile; fileRef = A67693201D5245C000A3AB9B /* XXControllerView.m */; };
		A67693521D5245C000A3AB9B /* XXCurrentPlayLyricView.m in Sources */ = {isa = PBXBuildFile; fileRef = A67693221D5245C000A3AB9B /* XXCurrentPlayLyricView.m */; };
		A67693531D5245C000A3AB9B /* XXLyricLabel.m in Sources */ = {isa = PBXBuildFile; fileRef = A67693241D5245C000A3AB9B /* XXLyricLabel.m */; };
		A67693541D5245C000A3AB9B /* XXLyricsView.m in Sources */ = {isa = PBXBuildFile; fileRef = A67693261D5245C000A3AB9B /* XXLyricsView.m */; };
		A67693551D5245C000A3AB9B /* XXMusicimgaeView.m in Sources */ = {isa = PBXBuildFile; fileRef = A67693281D5245C000A3AB9B /* XXMusicimgaeView.m */; };
		A67693561D5245C000A3AB9B /* XXTableViewCell.m in Sources */ = {isa = PBXBuildFile; fileRef = A676932A1D5245C000A3AB9B /* XXTableViewCell.m */; };
		A67693571D5245C000A3AB9B /* ViewController.m in Sources */ = {isa = PBXBuildFile; fileRef = A676932C1D5245C000A3AB9B /* ViewController.m */; };
/* End PBXBuildFile section */

/* Begin PBXFileReference section */
		A67692E61D5245C000A3AB9B /* AppDelegate.h */ = {isa = PBXFileReference; fileEncoding = 4; lastKnownFileType = sourcecode.c.h; path = AppDelegate.h; sourceTree = "<group>"; };
		A67692E71D5245C000A3AB9B /* AppDelegate.m */ = {isa = PBXFileReference; fileEncoding = 4; lastKnownFileType = sourcecode.c.objc; path = AppDelegate.m; sourceTree = "<group>"; };
		A67692E81D5245C000A3AB9B /* Assets.xcassets */ = {isa = PBXFileReference; lastKnownFileType = folder.assetcatalog; path = Assets.xcassets; sourceTree = "<group>"; };
		A67692EA1D5245C000A3AB9B /* Base */ = {isa = PBXFileReference; lastKnownFileType = file.storyboard; name = Base; path = Base.lproj/LaunchScreen.storyboard; sourceTree = "<group>"; };
		A67692EC1D5245C000A3AB9B /* Base */ = {isa = PBXFileReference; lastKnownFileType = file.storyboard; name = Base; path = Base.lproj/Main.storyboard; sourceTree = "<group>"; };
		A67692EE1D5245C000A3AB9B /* NSObject+XX.h */ = {isa = PBXFileReference; fileEncoding = 4; lastKnownFileType = sourcecode.c.h; path = "NSObject+XX.h"; sourceTree = "<group>"; };
		A67692EF1D5245C000A3AB9B /* NSObject+XX.m */ = {isa = PBXFileReference; fileEncoding = 4; lastKnownFileType = sourcecode.c.objc; path = "NSObject+XX.m"; sourceTree = "<group>"; };
		A67692F11D5245C000A3AB9B /* XXMusicDetailViewController.h */ = {isa = PBXFileReference; fileEncoding = 4; lastKnownFileType = sourcecode.c.h; path = XXMusicDetailViewController.h; sourceTree = "<group>"; };
		A67692F21D5245C000A3AB9B /* XXMusicDetailViewController.m */ = {isa = PBXFileReference; fileEncoding = 4; lastKnownFileType = sourcecode.c.objc; path = XXMusicDetailViewController.m; sourceTree = "<group>"; };
		A67692F41D5245C000A3AB9B /* bb@2x.jpg */ = {isa = PBXFileReference; lastKnownFileType = image.jpeg; path = "bb@2x.jpg"; sourceTree = "<group>"; };
		A67692F51D5245C000A3AB9B /* bb_icon@2x.jpg */ = {isa = PBXFileReference; lastKnownFileType = image.jpeg; path = "bb_icon@2x.jpg"; sourceTree = "<group>"; };
		A67692F61D5245C000A3AB9B /* jj@2x.jpg */ = {isa = PBXFileReference; lastKnownFileType = image.jpeg; path = "jj@2x.jpg"; sourceTree = "<group>"; };
		A67692F71D5245C000A3AB9B /* jj_icon@2x.png */ = {isa = PBXFileReference; lastKnownFileType = image.png; path = "jj_icon@2x.png"; sourceTree = "<group>"; };
		A67692F81D5245C000A3AB9B /* Info.plist */ = {isa = PBXFileReference; fileEncoding = 4; lastKnownFileType = text.plist.xml; path = Info.plist; sourceTree = "<group>"; };
		A67692FA1D5245C000A3AB9B /* 10405520.lrc */ = {isa = PBXFileReference; fileEncoding = 4; lastKnownFileType = text; path = 10405520.lrc; sourceTree = "<group>"; };
		A67692FB1D5245C000A3AB9B /* 10736444.lrc */ = {isa = PBXFileReference; fileEncoding = 4; lastKnownFileType = text; path = 10736444.lrc; sourceTree = "<group>"; };
		A67692FC1D5245C000A3AB9B /* 120125029.lrc */ = {isa = PBXFileReference; fileEncoding = 4; lastKnownFileType = text; path = 120125029.lrc; sourceTree = "<group>"; };
		A67692FD1D5245C000A3AB9B /* 12309111.lrc */ = {isa = PBXFileReference; fileEncoding = 4; lastKnownFileType = text; path = 12309111.lrc; sourceTree = "<group>"; };
		A67692FE1D5245C000A3AB9B /* 14945107.lrc */ = {isa = PBXFileReference; fileEncoding = 4; lastKnownFileType = text; path = 14945107.lrc; sourceTree = "<group>"; };
		A67692FF1D5245C000A3AB9B /* 235319.lrc */ = {isa = PBXFileReference; fileEncoding = 4; lastKnownFileType = text; path = 235319.lrc; sourceTree = "<group>"; };
		A67693001D5245C000A3AB9B /* 255319.lrc */ = {isa = PBXFileReference; fileEncoding = 4; lastKnownFileType = text; path = 255319.lrc; sourceTree = "<group>"; };
		A67693011D5245C000A3AB9B /* 309769.lrc */ = {isa = PBXFileReference; fileEncoding = 4; lastKnownFileType = text; path = 309769.lrc; sourceTree = "<group>"; };
		A67693021D5245C000A3AB9B /* 339744.lrc */ = {isa = PBXFileReference; fileEncoding = 4; lastKnownFileType = text; path = 339744.lrc; sourceTree = "<group>"; };
		A67693031D5245C000A3AB9B /* 一万次悲伤.lrc */ = {isa = PBXFileReference; fileEncoding = 4; lastKnownFileType = text; path = "一万次悲伤.lrc"; sourceTree = "<group>"; };
		A67693041D5245C000A3AB9B /* 夜空中最亮的星.lrc */ = {isa = PBXFileReference; fileEncoding = 4; lastKnownFileType = text; path = "夜空中最亮的星.lrc"; sourceTree = "<group>"; };
		A67693051D5245C000A3AB9B /* 故乡.lrc */ = {isa = PBXFileReference; fileEncoding = 4; lastKnownFileType = text; path = "故乡.lrc"; sourceTree = "<group>"; };
		A67693061D5245C000A3AB9B /* 月半小夜曲.lrc */ = {isa = PBXFileReference; fileEncoding = 4; lastKnownFileType = text; path = "月半小夜曲.lrc"; sourceTree = "<group>"; };
		A67693071D5245C000A3AB9B /* 煎饼侠.lrc */ = {isa = PBXFileReference; fileEncoding = 4; lastKnownFileType = text; path = "煎饼侠.lrc"; sourceTree = "<group>"; };
		A67693081D5245C000A3AB9B /* main.m */ = {isa = PBXFileReference; fileEncoding = 4; lastKnownFileType = sourcecode.c.objc; path = main.m; sourceTree = "<group>"; };
		A676930A1D5245C000A3AB9B /* XXLyricsModel.h */ = {isa = PBXFileReference; fileEncoding = 4; lastKnownFileType = sourcecode.c.h; path = XXLyricsModel.h; sourceTree = "<group>"; };
		A676930B1D5245C000A3AB9B /* XXLyricsModel.m */ = {isa = PBXFileReference; fileEncoding = 4; lastKnownFileType = sourcecode.c.objc; path = XXLyricsModel.m; sourceTree = "<group>"; };
		A676930C1D5245C000A3AB9B /* XXTableModel.h */ = {isa = PBXFileReference; fileEncoding = 4; lastKnownFileType = sourcecode.c.h; path = XXTableModel.h; sourceTree = "<group>"; };
		A676930D1D5245C000A3AB9B /* XXTableModel.m */ = {isa = PBXFileReference; fileEncoding = 4; lastKnownFileType = sourcecode.c.objc; path = XXTableModel.m; sourceTree = "<group>"; };
		A676930F1D5245C000A3AB9B /* 309769.mp3 */ = {isa = PBXFileReference; lastKnownFileType = audio.mp3; path = 309769.mp3; sourceTree = "<group>"; };
		A67693101D5245C000A3AB9B /* Musics.plist */ = {isa = PBXFileReference; fileEncoding = 4; lastKnownFileType = text.plist.xml; path = Musics.plist; sourceTree = "<group>"; };
		A67693121D5245C000A3AB9B /* XXLockScreenInfo.h */ = {isa = PBXFileReference; fileEncoding = 4; lastKnownFileType = sourcecode.c.h; path = XXLockScreenInfo.h; sourceTree = "<group>"; };
		A67693131D5245C000A3AB9B /* XXLockScreenInfo.m */ = {isa = PBXFileReference; fileEncoding = 4; lastKnownFileType = sourcecode.c.objc; path = XXLockScreenInfo.m; sourceTree = "<group>"; };
		A67693141D5245C000A3AB9B /* XXLyricFind.h */ = {isa = PBXFileReference; fileEncoding = 4; lastKnownFileType = sourcecode.c.h; path = XXLyricFind.h; sourceTree = "<group>"; };
		A67693151D5245C000A3AB9B /* XXLyricFind.m */ = {isa = PBXFileReference; fileEncoding = 4; lastKnownFileType = sourcecode.c.objc; path = XXLyricFind.m; sourceTree = "<group>"; };
		A67693161D5245C000A3AB9B /* XXLyricsData.h */ = {isa = PBXFileReference; fileEncoding = 4; lastKnownFileType = sourcecode.c.h; path = XXLyricsData.h; sourceTree = "<group>"; };
		A67693171D5245C000A3AB9B /* XXLyricsData.m */ = {isa = PBXFileReference; fileEncoding = 4; lastKnownFileType = sourcecode.c.objc; path = XXLyricsData.m; sourceTree = "<group>"; };
		A67693181D5245C000A3AB9B /* XXMusicData.h */ = {isa = PBXFileReference; fileEncoding = 4; lastKnownFileType = sourcecode.c.h; path = XXMusicData.h; sourceTree = "<group>"; };
		A67693191D5245C000A3AB9B /* XXMusicData.m */ = {isa = PBXFileReference; fileEncoding = 4; lastKnownFileType = sourcecode.c.objc; path = XXMusicData.m; sourceTree = "<group>"; };
		A676931A1D5245C000A3AB9B /* XXPlayerMusicTool.h */ = {isa = PBXFileReference; fileEncoding = 4; lastKnownFileType = sourcecode.c.h; path = XXPlayerMusicTool.h; sourceTree = "<group>"; };
		A676931B1D5245C000A3AB9B /* XXPlayerMusicTool.m */ = {isa = PBXFileReference; fileEncoding = 4; lastKnownFileType = sourcecode.c.objc; path = XXPlayerMusicTool.m; sourceTree = "<group>"; };
		A676931C1D5245C000A3AB9B /* XXStringConverTime.h */ = {isa = PBXFileReference; fileEncoding = 4; lastKnownFileType = sourcecode.c.h; path = XXStringConverTime.h; sourceTree = "<group>"; };
		A676931D1D5245C000A3AB9B /* XXStringConverTime.m */ = {isa = PBXFileReference; fileEncoding = 4; lastKnownFileType = sourcecode.c.objc; path = XXStringConverTime.m; sourceTree = "<group>"; };
		A676931F1D5245C000A3AB9B /* XXControllerView.h */ = {isa = PBXFileReference; fileEncoding = 4; lastKnownFileType = sourcecode.c.h; path = XXControllerView.h; sourceTree = "<group>"; };
		A67693201D5245C000A3AB9B /* XXControllerView.m */ = {isa = PBXFileReference; fileEncoding = 4; lastKnownFileType = sourcecode.c.objc; path = XXControllerView.m; sourceTree = "<group>"; };
		A67693211D5245C000A3AB9B /* XXCurrentPlayLyricView.h */ = {isa = PBXFileReference; fileEncoding = 4; lastKnownFileType = sourcecode.c.h; path = XXCurrentPlayLyricView.h; sourceTree = "<group>"; };
		A67693221D5245C000A3AB9B /* XXCurrentPlayLyricView.m */ = {isa = PBXFileReference; fileEncoding = 4; lastKnownFileType = sourcecode.c.objc; path = XXCurrentPlayLyricView.m; sourceTree = "<group>"; };
		A67693231D5245C000A3AB9B /* XXLyricLabel.h */ = {isa = PBXFileReference; fileEncoding = 4; lastKnownFileType = sourcecode.c.h; path = XXLyricLabel.h; sourceTree = "<group>"; };
		A67693241D5245C000A3AB9B /* XXLyricLabel.m */ = {isa = PBXFileReference; fileEncoding = 4; lastKnownFileType = sourcecode.c.objc; path = XXLyricLabel.m; sourceTree = "<group>"; };
		A67693251D5245C000A3AB9B /* XXLyricsView.h */ = {isa = PBXFileReference; fileEncoding = 4; lastKnownFileType = sourcecode.c.h; path = XXLyricsView.h; sourceTree = "<group>"; };
		A67693261D5245C000A3AB9B /* XXLyricsView.m */ = {isa = PBXFileReference; fileEncoding = 4; lastKnownFileType = sourcecode.c.objc; path = XXLyricsView.m; sourceTree = "<group>"; };
		A67693271D5245C000A3AB9B /* XXMusicimgaeView.h */ = {isa = PBXFileReference; fileEncoding = 4; lastKnownFileType = sourcecode.c.h; path = XXMusicimgaeView.h; sourceTree = "<group>"; };
		A67693281D5245C000A3AB9B /* XXMusicimgaeView.m */ = {isa = PBXFileReference; fileEncoding = 4; lastKnownFileType = sourcecode.c.objc; path = XXMusicimgaeView.m; sourceTree = "<group>"; };
		A67693291D5245C000A3AB9B /* XXTableViewCell.h */ = {isa = PBXFileReference; fileEncoding = 4; lastKnownFileType = sourcecode.c.h; path = XXTableViewCell.h; sourceTree = "<group>"; };
		A676932A1D5245C000A3AB9B /* XXTableViewCell.m */ = {isa = PBXFileReference; fileEncoding = 4; lastKnownFileType = sourcecode.c.objc; path = XXTableViewCell.m; sourceTree = "<group>"; };
		A676932B1D5245C000A3AB9B /* ViewController.h */ = {isa = PBXFileReference; fileEncoding = 4; lastKnownFileType = sourcecode.c.h; path = ViewController.h; sourceTree = "<group>"; };
		A676932C1D5245C000A3AB9B /* ViewController.m */ = {isa = PBXFileReference; fileEncoding = 4; lastKnownFileType = sourcecode.c.objc; path = ViewController.m; sourceTree = "<group>"; };
		BC45DE8E1D2117BE009B8DCC /* MSMusicPlayer.app */ = {isa = PBXFileReference; explicitFileType = wrapper.application; includeInIndex = 0; path = MSMusicPlayer.app; sourceTree = BUILT_PRODUCTS_DIR; };
/* End PBXFileReference section */

/* Begin PBXFrameworksBuildPhase section */
		BC45DE8B1D2117BE009B8DCC /* Frameworks */ = {
			isa = PBXFrameworksBuildPhase;
			buildActionMask = 2147483647;
			files = (
			);
			runOnlyForDeploymentPostprocessing = 0;
		};
/* End PBXFrameworksBuildPhase section */

/* Begin PBXGroup section */
		A67692E51D5245C000A3AB9B /* MSMusicPlayer */ = {
			isa = PBXGroup;
			children = (
				A67692E61D5245C000A3AB9B /* AppDelegate.h */,
				A67692E71D5245C000A3AB9B /* AppDelegate.m */,
				A67692E81D5245C000A3AB9B /* Assets.xcassets */,
				A67692E91D5245C000A3AB9B /* LaunchScreen.storyboard */,
				A67692EB1D5245C000A3AB9B /* Main.storyboard */,
				A67692ED1D5245C000A3AB9B /* Category */,
				A67692F01D5245C000A3AB9B /* Controller */,
				A67692F31D5245C000A3AB9B /* Images */,
				A67692F81D5245C000A3AB9B /* Info.plist */,
				A67692F91D5245C000A3AB9B /* Lrcs */,
				A67693081D5245C000A3AB9B /* main.m */,
				A67693091D5245C000A3AB9B /* Model */,
				A676930E1D5245C000A3AB9B /* MP3s */,
				A67693101D5245C000A3AB9B /* Musics.plist */,
				A67693111D5245C000A3AB9B /* Tool */,
				A676931E1D5245C000A3AB9B /* View */,
				A676932B1D5245C000A3AB9B /* ViewController.h */,
				A676932C1D5245C000A3AB9B /* ViewController.m */,
			);
			path = MSMusicPlayer;
			sourceTree = "<group>";
		};
		A67692ED1D5245C000A3AB9B /* Category */ = {
			isa = PBXGroup;
			children = (
				A67692EE1D5245C000A3AB9B /* NSObject+XX.h */,
				A67692EF1D5245C000A3AB9B /* NSObject+XX.m */,
			);
			path = Category;
			sourceTree = "<group>";
		};
		A67692F01D5245C000A3AB9B /* Controller */ = {
			isa = PBXGroup;
			children = (
				A67692F11D5245C000A3AB9B /* XXMusicDetailViewController.h */,
				A67692F21D5245C000A3AB9B /* XXMusicDetailViewController.m */,
			);
			path = Controller;
			sourceTree = "<group>";
		};
		A67692F31D5245C000A3AB9B /* Images */ = {
			isa = PBXGroup;
			children = (
				A67692F41D5245C000A3AB9B /* bb@2x.jpg */,
				A67692F51D5245C000A3AB9B /* bb_icon@2x.jpg */,
				A67692F61D5245C000A3AB9B /* jj@2x.jpg */,
				A67692F71D5245C000A3AB9B /* jj_icon@2x.png */,
			);
			path = Images;
			sourceTree = "<group>";
		};
		A67692F91D5245C000A3AB9B /* Lrcs */ = {
			isa = PBXGroup;
			children = (
				A67692FA1D5245C000A3AB9B /* 10405520.lrc */,
				A67692FB1D5245C000A3AB9B /* 10736444.lrc */,
				A67692FC1D5245C000A3AB9B /* 120125029.lrc */,
				A67692FD1D5245C000A3AB9B /* 12309111.lrc */,
				A67692FE1D5245C000A3AB9B /* 14945107.lrc */,
				A67692FF1D5245C000A3AB9B /* 235319.lrc */,
				A67693001D5245C000A3AB9B /* 255319.lrc */,
				A67693011D5245C000A3AB9B /* 309769.lrc */,
				A67693021D5245C000A3AB9B /* 339744.lrc */,
				A67693031D5245C000A3AB9B /* 一万次悲伤.lrc */,
				A67693041D5245C000A3AB9B /* 夜空中最亮的星.lrc */,
				A67693051D5245C000A3AB9B /* 故乡.lrc */,
				A67693061D5245C000A3AB9B /* 月半小夜曲.lrc */,
				A67693071D5245C000A3AB9B /* 煎饼侠.lrc */,
			);
			path = Lrcs;
			sourceTree = "<group>";
		};
		A67693091D5245C000A3AB9B /* Model */ = {
			isa = PBXGroup;
			children = (
				A676930A1D5245C000A3AB9B /* XXLyricsModel.h */,
				A676930B1D5245C000A3AB9B /* XXLyricsModel.m */,
				A676930C1D5245C000A3AB9B /* XXTableModel.h */,
				A676930D1D5245C000A3AB9B /* XXTableModel.m */,
			);
			path = Model;
			sourceTree = "<group>";
		};
		A676930E1D5245C000A3AB9B /* MP3s */ = {
			isa = PBXGroup;
			children = (
				A676930F1D5245C000A3AB9B /* 309769.mp3 */,
			);
			path = MP3s;
			sourceTree = "<group>";
		};
		A67693111D5245C000A3AB9B /* Tool */ = {
			isa = PBXGroup;
			children = (
				A67693121D5245C000A3AB9B /* XXLockScreenInfo.h */,
				A67693131D5245C000A3AB9B /* XXLockScreenInfo.m */,
				A67693141D5245C000A3AB9B /* XXLyricFind.h */,
				A67693151D5245C000A3AB9B /* XXLyricFind.m */,
				A67693161D5245C000A3AB9B /* XXLyricsData.h */,
				A67693171D5245C000A3AB9B /* XXLyricsData.m */,
				A67693181D5245C000A3AB9B /* XXMusicData.h */,
				A67693191D5245C000A3AB9B /* XXMusicData.m */,
				A676931A1D5245C000A3AB9B /* XXPlayerMusicTool.h */,
				A676931B1D5245C000A3AB9B /* XXPlayerMusicTool.m */,
				A676931C1D5245C000A3AB9B /* XXStringConverTime.h */,
				A676931D1D5245C000A3AB9B /* XXStringConverTime.m */,
			);
			path = Tool;
			sourceTree = "<group>";
		};
		A676931E1D5245C000A3AB9B /* View */ = {
			isa = PBXGroup;
			children = (
				A676931F1D5245C000A3AB9B /* XXControllerView.h */,
				A67693201D5245C000A3AB9B /* XXControllerView.m */,
				A67693211D5245C000A3AB9B /* XXCurrentPlayLyricView.h */,
				A67693221D5245C000A3AB9B /* XXCurrentPlayLyricView.m */,
				A67693231D5245C000A3AB9B /* XXLyricLabel.h */,
				A67693241D5245C000A3AB9B /* XXLyricLabel.m */,
				A67693251D5245C000A3AB9B /* XXLyricsView.h */,
				A67693261D5245C000A3AB9B /* XXLyricsView.m */,
				A67693271D5245C000A3AB9B /* XXMusicimgaeView.h */,
				A67693281D5245C000A3AB9B /* XXMusicimgaeView.m */,
				A67693291D5245C000A3AB9B /* XXTableViewCell.h */,
				A676932A1D5245C000A3AB9B /* XXTableViewCell.m */,
			);
			path = View;
			sourceTree = "<group>";
		};
		BC45DE851D2117BE009B8DCC = {
			isa = PBXGroup;
			children = (
				A67692E51D5245C000A3AB9B /* MSMusicPlayer */,
				BC45DE8F1D2117BE009B8DCC /* Products */,
			);
			sourceTree = "<group>";
		};
		BC45DE8F1D2117BE009B8DCC /* Products */ = {
			isa = PBXGroup;
			children = (
				BC45DE8E1D2117BE009B8DCC /* MSMusicPlayer.app */,
			);
			name = Products;
			sourceTree = "<group>";
		};
/* End PBXGroup section */

/* Begin PBXNativeTarget section */
		BC45DE8D1D2117BE009B8DCC /* MSMusicPlayer */ = {
			isa = PBXNativeTarget;
			buildConfigurationList = BC45DEA51D2117BE009B8DCC /* Build configuration list for PBXNativeTarget "MSMusicPlayer" */;
			buildPhases = (
				BC45DE8A1D2117BE009B8DCC /* Sources */,
				BC45DE8B1D2117BE009B8DCC /* Frameworks */,
				BC45DE8C1D2117BE009B8DCC /* Resources */,
			);
			buildRules = (
			);
			dependencies = (
			);
			name = MSMusicPlayer;
			productName = LZXMusicPlayer;
			productReference = BC45DE8E1D2117BE009B8DCC /* MSMusicPlayer.app */;
			productType = "com.apple.product-type.application";
		};
/* End PBXNativeTarget section */

/* Begin PBXProject section */
		BC45DE861D2117BE009B8DCC /* Project object */ = {
			isa = PBXProject;
			attributes = {
				LastUpgradeCheck = 0720;
				ORGANIZATIONNAME = LZX;
				TargetAttributes = {
					BC45DE8D1D2117BE009B8DCC = {
						CreatedOnToolsVersion = 7.2.1;
						SystemCapabilities = {
							com.apple.BackgroundModes = {
								enabled = 1;
							};
						};
					};
				};
			};
			buildConfigurationList = BC45DE891D2117BE009B8DCC /* Build configuration list for PBXProject "MSMusicPlayer" */;
			compatibilityVersion = "Xcode 3.2";
			developmentRegion = English;
			hasScannedForEncodings = 0;
			knownRegions = (
				en,
				Base,
			);
			mainGroup = BC45DE851D2117BE009B8DCC;
			productRefGroup = BC45DE8F1D2117BE009B8DCC /* Products */;
			projectDirPath = "";
			projectRoot = "";
			targets = (
				BC45DE8D1D2117BE009B8DCC /* MSMusicPlayer */,
			);
		};
/* End PBXProject section */

/* Begin PBXResourcesBuildPhase section */
		BC45DE8C1D2117BE009B8DCC /* Resources */ = {
			isa = PBXResourcesBuildPhase;
			buildActionMask = 2147483647;
			files = (
				A676933E1D5245C000A3AB9B /* 255319.lrc in Resources */,
				A67693391D5245C000A3AB9B /* 10736444.lrc in Resources */,
				A67693451D5245C000A3AB9B /* 煎饼侠.lrc in Resources */,
				A676933B1D5245C000A3AB9B /* 12309111.lrc in Resources */,
				A67693441D5245C000A3AB9B /* 月半小夜曲.lrc in Resources */,
				A676933D1D5245C000A3AB9B /* 235319.lrc in Resources */,
				A67693371D5245C000A3AB9B /* Info.plist in Resources */,
				A67693381D5245C000A3AB9B /* 10405520.lrc in Resources */,
				A67693361D5245C000A3AB9B /* jj_icon@2x.png in Resources */,
				A67693351D5245C000A3AB9B /* jj@2x.jpg in Resources */,
				A676934A1D5245C000A3AB9B /* Musics.plist in Resources */,
				A67693341D5245C000A3AB9B /* bb_icon@2x.jpg in Resources */,
				A67693301D5245C000A3AB9B /* Main.storyboard in Resources */,
				A676932E1D5245C000A3AB9B /* Assets.xcassets in Resources */,
				A676933F1D5245C000A3AB9B /* 309769.lrc in Resources */,
				A676933C1D5245C000A3AB9B /* 14945107.lrc in Resources */,
				A67693401D5245C000A3AB9B /* 339744.lrc in Resources */,
				A67693491D5245C000A3AB9B /* 309769.mp3 in Resources */,
				A676933A1D5245C000A3AB9B /* 120125029.lrc in Resources */,
				A67693431D5245C000A3AB9B /* 故乡.lrc in Resources */,
				A67693331D5245C000A3AB9B /* bb@2x.jpg in Resources */,
				A67693411D5245C000A3AB9B /* 一万次悲伤.lrc in Resources */,
				A67693421D5245C000A3AB9B /* 夜空中最亮的星.lrc in Resources */,
				A676932F1D5245C000A3AB9B /* LaunchScreen.storyboard in Resources */,
			);
			runOnlyForDeploymentPostprocessing = 0;
		};
/* End PBXResourcesBuildPhase section */

/* Begin PBXSourcesBuildPhase section */
		BC45DE8A1D2117BE009B8DCC /* Sources */ = {
			isa = PBXSourcesBuildPhase;
			buildActionMask = 2147483647;
			files = (
				A67693321D5245C000A3AB9B /* XXMusicDetailViewController.m in Sources */,
				A676934E1D5245C000A3AB9B /* XXMusicData.m in Sources */,
				A676932D1D5245C000A3AB9B /* AppDelegate.m in Sources */,
				A67693561D5245C000A3AB9B /* XXTableViewCell.m in Sources */,
				A67693461D5245C000A3AB9B /* main.m in Sources */,
				A67693521D5245C000A3AB9B /* XXCurrentPlayLyricView.m in Sources */,
				A67693471D5245C000A3AB9B /* XXLyricsModel.m in Sources */,
				A676934C1D5245C000A3AB9B /* XXLyricFind.m in Sources */,
				A67693571D5245C000A3AB9B /* ViewController.m in Sources */,
				A67693501D5245C000A3AB9B /* XXStringConverTime.m in Sources */,
				A67693511D5245C000A3AB9B /* XXControllerView.m in Sources */,
				A676934B1D5245C000A3AB9B /* XXLockScreenInfo.m in Sources */,
				A67693541D5245C000A3AB9B /* XXLyricsView.m in Sources */,
				A676934D1D5245C000A3AB9B /* XXLyricsData.m in Sources */,
				A67693551D5245C000A3AB9B /* XXMusicimgaeView.m in Sources */,
				A67693531D5245C000A3AB9B /* XXLyricLabel.m in Sources */,
				A676934F1D5245C000A3AB9B /* XXPlayerMusicTool.m in Sources */,
				A67693481D5245C000A3AB9B /* XXTableModel.m in Sources */,
				A67693311D5245C000A3AB9B /* NSObject+XX.m in Sources */,
			);
			runOnlyForDeploymentPostprocessing = 0;
		};
/* End PBXSourcesBuildPhase section */

/* Begin PBXVariantGroup section */
		A67692E91D5245C000A3AB9B /* LaunchScreen.storyboard */ = {
			isa = PBXVariantGroup;
			children = (
				A67692EA1D5245C000A3AB9B /* Base */,
			);
			name = LaunchScreen.storyboard;
			sourceTree = "<group>";
		};
		A67692EB1D5245C000A3AB9B /* Main.storyboard */ = {
			isa = PBXVariantGroup;
			children = (
				A67692EC1D5245C000A3AB9B /* Base */,
			);
			name = Main.storyboard;
			sourceTree = "<group>";
		};
/* End PBXVariantGroup section */

/* Begin XCBuildConfiguration section */
		BC45DEA31D2117BE009B8DCC /* Debug */ = {
			isa = XCBuildConfiguration;
			buildSettings = {
				ALWAYS_SEARCH_USER_PATHS = NO;
				CLANG_CXX_LANGUAGE_STANDARD = "gnu++0x";
				CLANG_CXX_LIBRARY = "libc++";
				CLANG_ENABLE_MODULES = YES;
				CLANG_ENABLE_OBJC_ARC = YES;
				CLANG_WARN_BOOL_CONVERSION = YES;
				CLANG_WARN_CONSTANT_CONVERSION = YES;
				CLANG_WARN_DIRECT_OBJC_ISA_USAGE = YES_ERROR;
				CLANG_WARN_EMPTY_BODY = YES;
				CLANG_WARN_ENUM_CONVERSION = YES;
				CLANG_WARN_INT_CONVERSION = YES;
				CLANG_WARN_OBJC_ROOT_CLASS = YES_ERROR;
				CLANG_WARN_UNREACHABLE_CODE = YES;
				CLANG_WARN__DUPLICATE_METHOD_MATCH = YES;
				"CODE_SIGN_IDENTITY[sdk=iphoneos*]" = "iPhone Developer";
				COPY_PHASE_STRIP = NO;
				DEBUG_INFORMATION_FORMAT = dwarf;
				ENABLE_STRICT_OBJC_MSGSEND = YES;
				ENABLE_TESTABILITY = YES;
				GCC_C_LANGUAGE_STANDARD = gnu99;
				GCC_DYNAMIC_NO_PIC = NO;
				GCC_NO_COMMON_BLOCKS = YES;
				GCC_OPTIMIZATION_LEVEL = 0;
				GCC_PREPROCESSOR_DEFINITIONS = (
					"DEBUG=1",
					"$(inherited)",
				);
				GCC_WARN_64_TO_32_BIT_CONVERSION = YES;
				GCC_WARN_ABOUT_RETURN_TYPE = YES_ERROR;
				GCC_WARN_UNDECLARED_SELECTOR = YES;
				GCC_WARN_UNINITIALIZED_AUTOS = YES_AGGRESSIVE;
				GCC_WARN_UNUSED_FUNCTION = YES;
				GCC_WARN_UNUSED_VARIABLE = YES;
				IPHONEOS_DEPLOYMENT_TARGET = 9.2;
				MTL_ENABLE_DEBUG_INFO = YES;
				ONLY_ACTIVE_ARCH = YES;
				SDKROOT = iphoneos;
			};
			name = Debug;
		};
		BC45DEA41D2117BE009B8DCC /* Release */ = {
			isa = XCBuildConfiguration;
			buildSettings = {
				ALWAYS_SEARCH_USER_PATHS = NO;
				CLANG_CXX_LANGUAGE_STANDARD = "gnu++0x";
				CLANG_CXX_LIBRARY = "libc++";
				CLANG_ENABLE_MODULES = YES;
				CLANG_ENABLE_OBJC_ARC = YES;
				CLANG_WARN_BOOL_CONVERSION = YES;
				CLANG_WARN_CONSTANT_CONVERSION = YES;
				CLANG_WARN_DIRECT_OBJC_ISA_USAGE = YES_ERROR;
				CLANG_WARN_EMPTY_BODY = YES;
				CLANG_WARN_ENUM_CONVERSION = YES;
				CLANG_WARN_INT_CONVERSION = YES;
				CLANG_WARN_OBJC_ROOT_CLASS = YES_ERROR;
				CLANG_WARN_UNREACHABLE_CODE = YES;
				CLANG_WARN__DUPLICATE_METHOD_MATCH = YES;
				"CODE_SIGN_IDENTITY[sdk=iphoneos*]" = "iPhone Developer";
				COPY_PHASE_STRIP = NO;
				DEBUG_INFORMATION_FORMAT = "dwarf-with-dsym";
				ENABLE_NS_ASSERTIONS = NO;
				ENABLE_STRICT_OBJC_MSGSEND = YES;
				GCC_C_LANGUAGE_STANDARD = gnu99;
				GCC_NO_COMMON_BLOCKS = YES;
				GCC_WARN_64_TO_32_BIT_CONVERSION = YES;
				GCC_WARN_ABOUT_RETURN_TYPE = YES_ERROR;
				GCC_WARN_UNDECLARED_SELECTOR = YES;
				GCC_WARN_UNINITIALIZED_AUTOS = YES_AGGRESSIVE;
				GCC_WARN_UNUSED_FUNCTION = YES;
				GCC_WARN_UNUSED_VARIABLE = YES;
				IPHONEOS_DEPLOYMENT_TARGET = 9.2;
				MTL_ENABLE_DEBUG_INFO = NO;
				SDKROOT = iphoneos;
				VALIDATE_PRODUCT = YES;
			};
			name = Release;
		};
		BC45DEA61D2117BE009B8DCC /* Debug */ = {
			isa = XCBuildConfiguration;
			buildSettings = {
				ASSETCATALOG_COMPILER_APPICON_NAME = AppIcon;
				ASSETCATALOG_COMPILER_LAUNCHIMAGE_NAME = "Brand Assets";
				INFOPLIST_FILE = LZXMusicPlayer/Info.plist;
				IPHONEOS_DEPLOYMENT_TARGET = 7.0;
				LD_RUNPATH_SEARCH_PATHS = "$(inherited) @executable_path/Frameworks";
				PRODUCT_BUNDLE_IDENTIFIER = com.LZX.LZXMusicPlayer;
				PRODUCT_NAME = MSMusicPlayer;
			};
			name = Debug;
		};
		BC45DEA71D2117BE009B8DCC /* Release */ = {
			isa = XCBuildConfiguration;
			buildSettings = {
				ASSETCATALOG_COMPILER_APPICON_NAME = AppIcon;
				ASSETCATALOG_COMPILER_LAUNCHIMAGE_NAME = "Brand Assets";
				INFOPLIST_FILE = LZXMusicPlayer/Info.plist;
				IPHONEOS_DEPLOYMENT_TARGET = 7.0;
				LD_RUNPATH_SEARCH_PATHS = "$(inherited) @executable_path/Frameworks";
				PRODUCT_BUNDLE_IDENTIFIER = com.LZX.LZXMusicPlayer;
				PRODUCT_NAME = MSMusicPlayer;
			};
			name = Release;
		};
/* End XCBuildConfiguration section */

/* Begin XCConfigurationList section */
		BC45DE891D2117BE009B8DCC /* Build configuration list for PBXProject "MSMusicPlayer" */ = {
			isa = XCConfigurationList;
			buildConfigurations = (
				BC45DEA31D2117BE009B8DCC /* Debug */,
				BC45DEA41D2117BE009B8DCC /* Release */,
			);
			defaultConfigurationIsVisible = 0;
			defaultConfigurationName = Release;
		};
		BC45DEA51D2117BE009B8DCC /* Build configuration list for PBXNativeTarget "MSMusicPlayer" */ = {
			isa = XCConfigurationList;
			buildConfigurations = (
				BC45DEA61D2117BE009B8DCC /* Debug */,
				BC45DEA71D2117BE009B8DCC /* Release */,
			);
			defaultConfigurationIsVisible = 0;
			defaultConfigurationName = Release;
		};
/* End XCConfigurationList section */
	};
	rootObject = BC45DE861D2117BE009B8DCC /* Project object */;
}
